
Microsoft Visual Studio Solution File, Format Version 12.00
# Visual Studio Version 16
VisualStudioVersion = 16.0.29215.179
MinimumVisualStudioVersion = 10.0.40219.1
Project("{FAE04EC0-301F-11D3-BF4B-00C04F79EFBC}") = "LocalizationStrategizer", "LocalizationStrategizer\LocalizationStrategizer.csproj", "{93A1A419-478E-43C3-BC5E-7E53E307CBD1}"
EndProject
Global
	GlobalSection(SolutionConfigurationPlatforms) = preSolution
		Debug|Any CPU = Debug|Any CPU
		Release|Any CPU = Release|Any CPU
	EndGlobalSection
	GlobalSection(ProjectConfigurationPlatforms) = postSolution
		{93A1A419-478E-43C3-BC5E-7E53E307CBD1}.Debug|Any CPU.ActiveCfg = Debug|Any CPU
		{93A1A419-478E-43C3-BC5E-7E53E307CBD1}.Debug|Any CPU.Build.0 = Debug|Any CPU
		{93A1A419-478E-43C3-BC5E-7E53E307CBD1}.Release|Any CPU.ActiveCfg = Release|Any CPU
		{93A1A419-478E-43C3-BC5E-7E53E307CBD1}.Release|Any CPU.Build.0 = Release|Any CPU
	EndGlobalSection
	GlobalSection(SolutionProperties) = preSolution
		HideSolutionNode = FALSE
	EndGlobalSection
	GlobalSection(ExtensibilityGlobals) = postSolution
		SolutionGuid = {1AACA0FA-C36E-4CE4-955D-0CD65E132048}
	EndGlobalSection
EndGlobal
